
Microsoft Visual Studio Solution File, Format Version 12.00
# Visual Studio 15
VisualStudioVersion = 15.0.28010.2026
MinimumVisualStudioVersion = 10.0.40219.1
Project("{FAE04EC0-301F-11D3-BF4B-00C04F79EFBC}") = "GitHubPractica5", "GitHubPractica5\GitHubPractica5.csproj", "{31A19DD3-3334-4331-BC5C-05EA9C0422E0}"
EndProject
Global
	GlobalSection(SolutionConfigurationPlatforms) = preSolution
		Debug|Any CPU = Debug|Any CPU
		Release|Any CPU = Release|Any CPU
	EndGlobalSection
	GlobalSection(ProjectConfigurationPlatforms) = postSolution
		{31A19DD3-3334-4331-BC5C-05EA9C0422E0}.Debug|Any CPU.ActiveCfg = Debug|Any CPU
		{31A19DD3-3334-4331-BC5C-05EA9C0422E0}.Debug|Any CPU.Build.0 = Debug|Any CPU
		{31A19DD3-3334-4331-BC5C-05EA9C0422E0}.Release|Any CPU.ActiveCfg = Release|Any CPU
		{31A19DD3-3334-4331-BC5C-05EA9C0422E0}.Release|Any CPU.Build.0 = Release|Any CPU
	EndGlobalSection
	GlobalSection(SolutionProperties) = preSolution
		HideSolutionNode = FALSE
	EndGlobalSection
	GlobalSection(ExtensibilityGlobals) = postSolution
		SolutionGuid = {83C411E5-F26D-4981-AEF4-B9A67BDB8FFA}
	EndGlobalSection
EndGlobal
